
Microsoft Visual Studio Solution File, Format Version 12.00
# Visual Studio 2012
Project("{FAE04EC0-301F-11D3-BF4B-00C04F79EFBC}") = "TestViaApi", "TestViaApi\TestViaApi.csproj", "{BE740269-548E-4615-9FFD-F3B486B31A92}"
EndProject
Global
	GlobalSection(SolutionConfigurationPlatforms) = preSolution
		Debug|Any CPU = Debug|Any CPU
		Release|Any CPU = Release|Any CPU
	EndGlobalSection
	GlobalSection(ProjectConfigurationPlatforms) = postSolution
		{BE740269-548E-4615-9FFD-F3B486B31A92}.Debug|Any CPU.ActiveCfg = Release|Any CPU
		{BE740269-548E-4615-9FFD-F3B486B31A92}.Debug|Any CPU.Build.0 = Release|Any CPU
		{BE740269-548E-4615-9FFD-F3B486B31A92}.Release|Any CPU.ActiveCfg = Release|Any CPU
		{BE740269-548E-4615-9FFD-F3B486B31A92}.Release|Any CPU.Build.0 = Release|Any CPU
	EndGlobalSection
	GlobalSection(SolutionProperties) = preSolution
		HideSolutionNode = FALSE
	EndGlobalSection
EndGlobal
